
Microsoft Visual Studio Solution File, Format Version 12.00
# Visual Studio 15
VisualStudioVersion = 15.0.27428.2027
MinimumVisualStudioVersion = 10.0.40219.1
Project("{FAE04EC0-301F-11D3-BF4B-00C04F79EFBC}") = "CaoSCAutoDNS", "CaoSCAutoDNS\CaoSCAutoDNS.csproj", "{AB3A81EC-5C85-471D-B4D7-C94DC2F93163}"
EndProject
Project("{FAE04EC0-301F-11D3-BF4B-00C04F79EFBC}") = "AliHelper", "AliHelper\AliHelper.csproj", "{00C2F0B9-185A-4DF0-B065-62629E2669A6}"
EndProject
Project("{FAE04EC0-301F-11D3-BF4B-00C04F79EFBC}") = "UnitTest", "UnitTest\UnitTest.csproj", "{0895FC6E-BDC1-4CB2-9BA4-99CE97C583DC}"
EndProject
Global
	GlobalSection(SolutionConfigurationPlatforms) = preSolution
		Debug|Any CPU = Debug|Any CPU
		Debug|x64 = Debug|x64
		Debug|x86 = Debug|x86
		Release|Any CPU = Release|Any CPU
		Release|x64 = Release|x64
		Release|x86 = Release|x86
	EndGlobalSection
	GlobalSection(ProjectConfigurationPlatforms) = postSolution
		{AB3A81EC-5C85-471D-B4D7-C94DC2F93163}.Debug|Any CPU.ActiveCfg = Debug|Any CPU
		{AB3A81EC-5C85-471D-B4D7-C94DC2F93163}.Debug|Any CPU.Build.0 = Debug|Any CPU
		{AB3A81EC-5C85-471D-B4D7-C94DC2F93163}.Debug|x64.ActiveCfg = Debug|Any CPU
		{AB3A81EC-5C85-471D-B4D7-C94DC2F93163}.Debug|x64.Build.0 = Debug|Any CPU
		{AB3A81EC-5C85-471D-B4D7-C94DC2F93163}.Debug|x86.ActiveCfg = Debug|Any CPU
		{AB3A81EC-5C85-471D-B4D7-C94DC2F93163}.Debug|x86.Build.0 = Debug|Any CPU
		{AB3A81EC-5C85-471D-B4D7-C94DC2F93163}.Release|Any CPU.ActiveCfg = Release|Any CPU
		{AB3A81EC-5C85-471D-B4D7-C94DC2F93163}.Release|Any CPU.Build.0 = Release|Any CPU
		{AB3A81EC-5C85-471D-B4D7-C94DC2F93163}.Release|x64.ActiveCfg = Release|Any CPU
		{AB3A81EC-5C85-471D-B4D7-C94DC2F93163}.Release|x64.Build.0 = Release|Any CPU
		{AB3A81EC-5C85-471D-B4D7-C94DC2F93163}.Release|x86.ActiveCfg = Release|Any CPU
		{AB3A81EC-5C85-471D-B4D7-C94DC2F93163}.Release|x86.Build.0 = Release|Any CPU
		{00C2F0B9-185A-4DF0-B065-62629E2669A6}.Debug|Any CPU.ActiveCfg = Debug|Any CPU
		{00C2F0B9-185A-4DF0-B065-62629E2669A6}.Debug|Any CPU.Build.0 = Debug|Any CPU
		{00C2F0B9-185A-4DF0-B065-62629E2669A6}.Debug|x64.ActiveCfg = Debug|Any CPU
		{00C2F0B9-185A-4DF0-B065-62629E2669A6}.Debug|x64.Build.0 = Debug|Any CPU
		{00C2F0B9-185A-4DF0-B065-62629E2669A6}.Debug|x86.ActiveCfg = Debug|Any CPU
		{00C2F0B9-185A-4DF0-B065-62629E2669A6}.Debug|x86.Build.0 = Debug|Any CPU
		{00C2F0B9-185A-4DF0-B065-62629E2669A6}.Release|Any CPU.ActiveCfg = Release|Any CPU
		{00C2F0B9-185A-4DF0-B065-62629E2669A6}.Release|Any CPU.Build.0 = Release|Any CPU
		{00C2F0B9-185A-4DF0-B065-62629E2669A6}.Release|x64.ActiveCfg = Release|Any CPU
		{00C2F0B9-185A-4DF0-B065-62629E2669A6}.Release|x64.Build.0 = Release|Any CPU
		{00C2F0B9-185A-4DF0-B065-62629E2669A6}.Release|x86.ActiveCfg = Release|Any CPU
		{00C2F0B9-185A-4DF0-B065-62629E2669A6}.Release|x86.Build.0 = Release|Any CPU
		{0895FC6E-BDC1-4CB2-9BA4-99CE97C583DC}.Debug|Any CPU.ActiveCfg = Debug|Any CPU
		{0895FC6E-BDC1-4CB2-9BA4-99CE97C583DC}.Debug|Any CPU.Build.0 = Debug|Any CPU
		{0895FC6E-BDC1-4CB2-9BA4-99CE97C583DC}.Debug|x64.ActiveCfg = Debug|Any CPU
		{0895FC6E-BDC1-4CB2-9BA4-99CE97C583DC}.Debug|x64.Build.0 = Debug|Any CPU
		{0895FC6E-BDC1-4CB2-9BA4-99CE97C583DC}.Debug|x86.ActiveCfg = Debug|Any CPU
		{0895FC6E-BDC1-4CB2-9BA4-99CE97C583DC}.Debug|x86.Build.0 = Debug|Any CPU
		{0895FC6E-BDC1-4CB2-9BA4-99CE97C583DC}.Release|Any CPU.ActiveCfg = Release|Any CPU
		{0895FC6E-BDC1-4CB2-9BA4-99CE97C583DC}.Release|Any CPU.Build.0 = Release|Any CPU
		{0895FC6E-BDC1-4CB2-9BA4-99CE97C583DC}.Release|x64.ActiveCfg = Release|Any CPU
		{0895FC6E-BDC1-4CB2-9BA4-99CE97C583DC}.Release|x64.Build.0 = Release|Any CPU
		{0895FC6E-BDC1-4CB2-9BA4-99CE97C583DC}.Release|x86.ActiveCfg = Release|Any CPU
		{0895FC6E-BDC1-4CB2-9BA4-99CE97C583DC}.Release|x86.Build.0 = Release|Any CPU
	EndGlobalSection
	GlobalSection(SolutionProperties) = preSolution
		HideSolutionNode = FALSE
	EndGlobalSection
	GlobalSection(ExtensibilityGlobals) = postSolution
		SolutionGuid = {B06FB349-5F36-4F24-A2EB-4DDCEB5989A5}
	EndGlobalSection
EndGlobal
